
Microsoft Visual Studio Solution File, Format Version 12.00
# Visual Studio Version 17
VisualStudioVersion = 17.8.34330.188
MinimumVisualStudioVersion = 10.0.40219.1
Project("{FAE04EC0-301F-11D3-BF4B-00C04F79EFBC}") = "Grocery_Store", "Grocery_Store\Grocery_Store.csproj", "{973AB662-A1B4-448D-BC08-B0AB08AB8ED6}"
EndProject
Global
	GlobalSection(SolutionConfigurationPlatforms) = preSolution
		Debug|Any CPU = Debug|Any CPU
		Release|Any CPU = Release|Any CPU
	EndGlobalSection
	GlobalSection(ProjectConfigurationPlatforms) = postSolution
		{973AB662-A1B4-448D-BC08-B0AB08AB8ED6}.Debug|Any CPU.ActiveCfg = Debug|Any CPU
		{973AB662-A1B4-448D-BC08-B0AB08AB8ED6}.Debug|Any CPU.Build.0 = Debug|Any CPU
		{973AB662-A1B4-448D-BC08-B0AB08AB8ED6}.Release|Any CPU.ActiveCfg = Release|Any CPU
		{973AB662-A1B4-448D-BC08-B0AB08AB8ED6}.Release|Any CPU.Build.0 = Release|Any CPU
	EndGlobalSection
	GlobalSection(SolutionProperties) = preSolution
		HideSolutionNode = FALSE
	EndGlobalSection
	GlobalSection(ExtensibilityGlobals) = postSolution
		SolutionGuid = {449DF91A-C1BD-4725-9EC8-E3C746A41329}
	EndGlobalSection
EndGlobal
